
Microsoft Visual Studio Solution File, Format Version 12.00
# Visual Studio Version 16
VisualStudioVersion = 16.0.31911.196
MinimumVisualStudioVersion = 10.0.40219.1
Project("{FAE04EC0-301F-11D3-BF4B-00C04F79EFBC}") = "Delegacje", "Delegacje\Delegacje.csproj", "{86B39FA8-C206-4E14-B30F-63557F88F3D5}"
EndProject
Global
	GlobalSection(SolutionConfigurationPlatforms) = preSolution
		Debug|Any CPU = Debug|Any CPU
		Release|Any CPU = Release|Any CPU
	EndGlobalSection
	GlobalSection(ProjectConfigurationPlatforms) = postSolution
		{86B39FA8-C206-4E14-B30F-63557F88F3D5}.Debug|Any CPU.ActiveCfg = Debug|Any CPU
		{86B39FA8-C206-4E14-B30F-63557F88F3D5}.Debug|Any CPU.Build.0 = Debug|Any CPU
		{86B39FA8-C206-4E14-B30F-63557F88F3D5}.Release|Any CPU.ActiveCfg = Release|Any CPU
		{86B39FA8-C206-4E14-B30F-63557F88F3D5}.Release|Any CPU.Build.0 = Release|Any CPU
	EndGlobalSection
	GlobalSection(SolutionProperties) = preSolution
		HideSolutionNode = FALSE
	EndGlobalSection
	GlobalSection(ExtensibilityGlobals) = postSolution
		SolutionGuid = {867C603F-05EF-4A4E-9FB4-B751C0D90C7A}
	EndGlobalSection
EndGlobal
